Microsoft Visual Studio Solution File, Format Version 11.00
# Visual Studio 2010
Project("{FAE04EC0-301F-11D3-BF4B-00C04F79EFBC}") = "Assembly-CSharp", "Assembly-CSharp.csproj", "{FC16A34E-6C5B-C3A0-21CE-5D2DD0ADE5AF}"
EndProject
Project("{FAE04EC0-301F-11D3-BF4B-00C04F79EFBC}") = "Assembly-CSharp-Editor", "Assembly-CSharp-Editor.csproj", "{E7C9B4DD-5D24-4B80-EF10-40EE0A629686}"
EndProject
Global
	GlobalSection(SolutionConfigurationPlatforms) = preSolution
		Debug|Any CPU = Debug|Any CPU
		Release|Any CPU = Release|Any CPU
	EndGlobalSection
	GlobalSection(ProjectConfigurationPlatforms) = postSolution
		{FC16A34E-6C5B-C3A0-21CE-5D2DD0ADE5AF}.Debug|Any CPU.ActiveCfg = Debug|Any CPU
		{FC16A34E-6C5B-C3A0-21CE-5D2DD0ADE5AF}.Debug|Any CPU.Build.0 = Debug|Any CPU
		{FC16A34E-6C5B-C3A0-21CE-5D2DD0ADE5AF}.Release|Any CPU.ActiveCfg = Release|Any CPU
		{FC16A34E-6C5B-C3A0-21CE-5D2DD0ADE5AF}.Release|Any CPU.Build.0 = Release|Any CPU
		{E7C9B4DD-5D24-4B80-EF10-40EE0A629686}.Debug|Any CPU.ActiveCfg = Debug|Any CPU
		{E7C9B4DD-5D24-4B80-EF10-40EE0A629686}.Debug|Any CPU.Build.0 = Debug|Any CPU
		{E7C9B4DD-5D24-4B80-EF10-40EE0A629686}.Release|Any CPU.ActiveCfg = Release|Any CPU
		{E7C9B4DD-5D24-4B80-EF10-40EE0A629686}.Release|Any CPU.Build.0 = Release|Any CPU
	EndGlobalSection
	GlobalSection(SolutionProperties) = preSolution
		HideSolutionNode = FALSE
	EndGlobalSection
	GlobalSection(MonoDevelopProperties) = preSolution
		StartupItem = Assembly-CSharp.csproj
	EndGlobalSection
EndGlobal
